{
  "version": 4,
  "terraform_version": "0.12.16",
  "serial": 10,
  "lineage": "9e3df39a-f667-5c6b-2f15-ceea40b9f690",
  "outputs": {},
  "resources": [
    {
      "mode": "managed",
      "type": "bitbucket_repository",
      "name": "app",
      "provider": "provider.bitbucket",
      "instances": [
        {
          "schema_version": 0,
          "attributes": {
            "clone_https": "https://sbt_caravanas@bitbucket.org/organization/devops.git",
            "clone_ssh": "git@bitbucket.org:organization/devops.git",
            "description": "",
            "fork_policy": "allow_forks",
            "has_issues": false,
            "has_wiki": false,
            "id": "organization/devops",
            "is_private": true,
            "language": "",
            "name": "project-name-front-end",
            "owner": "organization",
            "project_key": "",
            "scm": "git",
            "slug": "devops",
            "website": ""
          },
          "private": "bnVsbA=="
        }
      ]
    }
  ]
}
