{
  "version": 4,
  "terraform_version": "0.12.16",
  "serial": 2,
  "lineage": "a7c70567-56d3-bdbd-e817-aecb2a7b53f3",
  "outputs": {},
  "resources": [
    {
      "mode": "managed",
      "type": "bitbucket_repository",
      "name": "app",
      "provider": "provider.bitbucket",
      "instances": [
        {
          "schema_version": 0,
          "attributes": {
            "clone_https": "https://sbt_caravanas@bitbucket.org/organization/project-name-front-end.git",
            "clone_ssh": "git@bitbucket.org:organization/project-name-front-end.git",
            "description": "",
            "fork_policy": "allow_forks",
            "has_issues": false,
            "has_wiki": false,
            "id": "organization/project-name-front-end",
            "is_private": true,
            "language": "",
            "name": "project-name-front-end",
            "owner": "organization",
            "project_key": "SBTCAR-3",
            "scm": "git",
            "slug": "project-name-front-end",
            "website": ""
          },
          "private": "bnVsbA=="
        }
      ]
    },
    {
      "mode": "managed",
      "type": "null_resource",
      "name": "push_to_repo",
      "provider": "provider.null",
      "instances": [
        {
          "status": "tainted",
          "schema_version": 0,
          "attributes": {
            "id": "8615630156749952000",
            "triggers": {
              "git_index_exists": "true"
            }
          },
          "private": "bnVsbA==",
          "dependencies": [
            "bitbucket_repository.app"
          ]
        }
      ]
    }
  ]
}
